// !$*UTF8*$!
{
	archiveVersion = 1;
	classes = {
	};
	objectVersion = 56;
	objects = {

/* Begin PBXBuildFile section */
		DB01957C2BE5573400BA1548 /* KeyboardViewController.swift in Sources */ = {isa = PBXBuildFile; fileRef = DB01957B2BE5573400BA1548 /* KeyboardViewController.swift */; };
		DB0195802BE5573400BA1548 /* testKeyboard.appex in Embed Foundation Extensions */ = {isa = PBXBuildFile; fileRef = DB0195792BE5573400BA1548 /* testKeyboard.appex */; settings = {ATTRIBUTES = (RemoveHeadersOnCopy, ); }; };
		DB2BD0912BF7D245003F7A5B /* spell_check.py in Resources */ = {isa = PBXBuildFile; fileRef = DB2BD0902BF7D245003F7A5B /* spell_check.py */; };
		DB6B37362BE51CB700CB14A0 /* guldinApp.swift in Sources */ = {isa = PBXBuildFile; fileRef = DB6B37352BE51CB700CB14A0 /* guldinApp.swift */; };
		DB6B37382BE51CB700CB14A0 /* ContentView.swift in Sources */ = {isa = PBXBuildFile; fileRef = DB6B37372BE51CB700CB14A0 /* ContentView.swift */; };
		DB6B373A2BE51CB800CB14A0 /* Assets.xcassets in Resources */ = {isa = PBXBuildFile; fileRef = DB6B37392BE51CB800CB14A0 /* Assets.xcassets */; };
		DB6B373D2BE51CB800CB14A0 /* Preview Assets.xcassets in Resources */ = {isa = PBXBuildFile; fileRef = DB6B373C2BE51CB800CB14A0 /* Preview Assets.xcassets */; };
		DB6B37472BE51CB800CB14A0 /* guldinTests.swift in Sources */ = {isa = PBXBuildFile; fileRef = DB6B37462BE51CB800CB14A0 /* guldinTests.swift */; };
		DB6B37512BE51CB800CB14A0 /* guldinUITests.swift in Sources */ = {isa = PBXBuildFile; fileRef = DB6B37502BE51CB800CB14A0 /* guldinUITests.swift */; };
		DB6B37532BE51CB800CB14A0 /* guldinUITestsLaunchTests.swift in Sources */ = {isa = PBXBuildFile; fileRef = DB6B37522BE51CB800CB14A0 /* guldinUITestsLaunchTests.swift */; };
/* End PBXBuildFile section */

/* Begin PBXContainerItemProxy section */
		DB01957E2BE5573400BA1548 /* PBXContainerItemProxy */ = {
			isa = PBXContainerItemProxy;
			containerPortal = DB6B372A2BE51CB700CB14A0 /* Project object */;
			proxyType = 1;
			remoteGlobalIDString = DB0195782BE5573400BA1548;
			remoteInfo = testKeyboard;
		};
		DB6B37432BE51CB800CB14A0 /* PBXContainerItemProxy */ = {
			isa = PBXContainerItemProxy;
			containerPortal = DB6B372A2BE51CB700CB14A0 /* Project object */;
			proxyType = 1;
			remoteGlobalIDString = DB6B37312BE51CB700CB14A0;
			remoteInfo = guldin;
		};
		DB6B374D2BE51CB800CB14A0 /* PBXContainerItemProxy */ = {
			isa = PBXContainerItemProxy;
			containerPortal = DB6B372A2BE51CB700CB14A0 /* Project object */;
			proxyType = 1;
			remoteGlobalIDString = DB6B37312BE51CB700CB14A0;
			remoteInfo = guldin;
		};
/* End PBXContainerItemProxy section */

/* Begin PBXCopyFilesBuildPhase section */
		DB6B376E2BE51CE200CB14A0 /* Embed Foundation Extensions */ = {
			isa = PBXCopyFilesBuildPhase;
			buildActionMask = 2147483647;
			dstPath = "";
			dstSubfolderSpec = 13;
			files = (
				DB0195802BE5573400BA1548 /* testKeyboard.appex in Embed Foundation Extensions */,
			);
			name = "Embed Foundation Extensions";
			runOnlyForDeploymentPostprocessing = 0;
		};
/* End PBXCopyFilesBuildPhase section */

/* Begin PBXFileReference section */
		DB0195792BE5573400BA1548 /* testKeyboard.appex */ = {isa = PBXFileReference; explicitFileType = "wrapper.app-extension"; includeInIndex = 0; path = testKeyboard.appex; sourceTree = BUILT_PRODUCTS_DIR; };
		DB01957B2BE5573400BA1548 /* KeyboardViewController.swift */ = {isa = PBXFileReference; lastKnownFileType = sourcecode.swift; path = KeyboardViewController.swift; sourceTree = "<group>"; };
		DB01957D2BE5573400BA1548 /* Info.plist */ = {isa = PBXFileReference; lastKnownFileType = text.plist.xml; path = Info.plist; sourceTree = "<group>"; };
		DB2BD0902BF7D245003F7A5B /* spell_check.py */ = {isa = PBXFileReference; lastKnownFileType = text.script.python; path = spell_check.py; sourceTree = "<group>"; };
		DB6B37322BE51CB700CB14A0 /* guldin.app */ = {isa = PBXFileReference; explicitFileType = wrapper.application; includeInIndex = 0; path = guldin.app; sourceTree = BUILT_PRODUCTS_DIR; };
		DB6B37352BE51CB700CB14A0 /* guldinApp.swift */ = {isa = PBXFileReference; lastKnownFileType = sourcecode.swift; path = guldinApp.swift; sourceTree = "<group>"; };
		DB6B37372BE51CB700CB14A0 /* ContentView.swift */ = {isa = PBXFileReference; lastKnownFileType = sourcecode.swift; path = ContentView.swift; sourceTree = "<group>"; };
		DB6B37392BE51CB800CB14A0 /* Assets.xcassets */ = {isa = PBXFileReference; lastKnownFileType = folder.assetcatalog; path = Assets.xcassets; sourceTree = "<group>"; };
		DB6B373C2BE51CB800CB14A0 /* Preview Assets.xcassets */ = {isa = PBXFileReference; lastKnownFileType = folder.assetcatalog; path = "Preview Assets.xcassets"; sourceTree = "<group>"; };
		DB6B37422BE51CB800CB14A0 /* guldinTests.xctest */ = {isa = PBXFileReference; explicitFileType = wrapper.cfbundle; includeInIndex = 0; path = guldinTests.xctest; sourceTree = BUILT_PRODUCTS_DIR; };
		DB6B37462BE51CB800CB14A0 /* guldinTests.swift */ = {isa = PBXFileReference; lastKnownFileType = sourcecode.swift; path = guldinTests.swift; sourceTree = "<group>"; };
		DB6B374C2BE51CB800CB14A0 /* guldinUITests.xctest */ = {isa = PBXFileReference; explicitFileType = wrapper.cfbundle; includeInIndex = 0; path = guldinUITests.xctest; sourceTree = BUILT_PRODUCTS_DIR; };
		DB6B37502BE51CB800CB14A0 /* guldinUITests.swift */ = {isa = PBXFileReference; lastKnownFileType = sourcecode.swift; path = guldinUITests.swift; sourceTree = "<group>"; };
		DB6B37522BE51CB800CB14A0 /* guldinUITestsLaunchTests.swift */ = {isa = PBXFileReference; lastKnownFileType = sourcecode.swift; path = guldinUITestsLaunchTests.swift; sourceTree = "<group>"; };
		DB87C2162BE9521E005D0525 /* testKeyboardDebug.entitlements */ = {isa = PBXFileReference; lastKnownFileType = text.plist.entitlements; path = testKeyboardDebug.entitlements; sourceTree = "<group>"; };
/* End PBXFileReference section */

/* Begin PBXFrameworksBuildPhase section */
		DB0195762BE5573400BA1548 /* Frameworks */ = {
			isa = PBXFrameworksBuildPhase;
			buildActionMask = 2147483647;
			files = (
			);
			runOnlyForDeploymentPostprocessing = 0;
		};
		DB6B372F2BE51CB700CB14A0 /* Frameworks */ = {
			isa = PBXFrameworksBuildPhase;
			buildActionMask = 2147483647;
			files = (
			);
			runOnlyForDeploymentPostprocessing = 0;
		};
		DB6B373F2BE51CB800CB14A0 /* Frameworks */ = {
			isa = PBXFrameworksBuildPhase;
			buildActionMask = 2147483647;
			files = (
			);
			runOnlyForDeploymentPostprocessing = 0;
		};
		DB6B37492BE51CB800CB14A0 /* Frameworks */ = {
			isa = PBXFrameworksBuildPhase;
			buildActionMask = 2147483647;
			files = (
			);
			runOnlyForDeploymentPostprocessing = 0;
		};
/* End PBXFrameworksBuildPhase section */

/* Begin PBXGroup section */
		DB01957A2BE5573400BA1548 /* testKeyboard */ = {
			isa = PBXGroup;
			children = (
				DB87C2162BE9521E005D0525 /* testKeyboardDebug.entitlements */,
				DB01957B2BE5573400BA1548 /* KeyboardViewController.swift */,
				DB2BD0902BF7D245003F7A5B /* spell_check.py */,
				DB01957D2BE5573400BA1548 /* Info.plist */,
			);
			path = testKeyboard;
			sourceTree = "<group>";
		};
		DB6B37292BE51CB700CB14A0 = {
			isa = PBXGroup;
			children = (
				DB6B37342BE51CB700CB14A0 /* guldin */,
				DB6B37452BE51CB800CB14A0 /* guldinTests */,
				DB6B374F2BE51CB800CB14A0 /* guldinUITests */,
				DB01957A2BE5573400BA1548 /* testKeyboard */,
				DB6B37332BE51CB700CB14A0 /* Products */,
			);
			sourceTree = "<group>";
		};
		DB6B37332BE51CB700CB14A0 /* Products */ = {
			isa = PBXGroup;
			children = (
				DB6B37322BE51CB700CB14A0 /* guldin.app */,
				DB6B37422BE51CB800CB14A0 /* guldinTests.xctest */,
				DB6B374C2BE51CB800CB14A0 /* guldinUITests.xctest */,
				DB0195792BE5573400BA1548 /* testKeyboard.appex */,
			);
			name = Products;
			sourceTree = "<group>";
		};
		DB6B37342BE51CB700CB14A0 /* guldin */ = {
			isa = PBXGroup;
			children = (
				DB6B37352BE51CB700CB14A0 /* guldinApp.swift */,
				DB6B37372BE51CB700CB14A0 /* ContentView.swift */,
				DB6B37392BE51CB800CB14A0 /* Assets.xcassets */,
				DB6B373B2BE51CB800CB14A0 /* Preview Content */,
			);
			path = guldin;
			sourceTree = "<group>";
		};
		DB6B373B2BE51CB800CB14A0 /* Preview Content */ = {
			isa = PBXGroup;
			children = (
				DB6B373C2BE51CB800CB14A0 /* Preview Assets.xcassets */,
			);
			path = "Preview Content";
			sourceTree = "<group>";
		};
		DB6B37452BE51CB800CB14A0 /* guldinTests */ = {
			isa = PBXGroup;
			children = (
				DB6B37462BE51CB800CB14A0 /* guldinTests.swift */,
			);
			path = guldinTests;
			sourceTree = "<group>";
		};
		DB6B374F2BE51CB800CB14A0 /* guldinUITests */ = {
			isa = PBXGroup;
			children = (
				DB6B37502BE51CB800CB14A0 /* guldinUITests.swift */,
				DB6B37522BE51CB800CB14A0 /* guldinUITestsLaunchTests.swift */,
			);
			path = guldinUITests;
			sourceTree = "<group>";
		};
/* End PBXGroup section */

/* Begin PBXNativeTarget section */
		DB0195782BE5573400BA1548 /* testKeyboard */ = {
			isa = PBXNativeTarget;
			buildConfigurationList = DB0195812BE5573400BA1548 /* Build configuration list for PBXNativeTarget "testKeyboard" */;
			buildPhases = (
				DB0195752BE5573400BA1548 /* Sources */,
				DB0195762BE5573400BA1548 /* Frameworks */,
				DB0195772BE5573400BA1548 /* Resources */,
			);
			buildRules = (
			);
			dependencies = (
			);
			name = testKeyboard;
			productName = testKeyboard;
			productReference = DB0195792BE5573400BA1548 /* testKeyboard.appex */;
			productType = "com.apple.product-type.app-extension";
		};
		DB6B37312BE51CB700CB14A0 /* guldin */ = {
			isa = PBXNativeTarget;
			buildConfigurationList = DB6B37562BE51CB800CB14A0 /* Build configuration list for PBXNativeTarget "guldin" */;
			buildPhases = (
				DB6B372E2BE51CB700CB14A0 /* Sources */,
				DB6B372F2BE51CB700CB14A0 /* Frameworks */,
				DB6B37302BE51CB700CB14A0 /* Resources */,
				DB6B376E2BE51CE200CB14A0 /* Embed Foundation Extensions */,
			);
			buildRules = (
			);
			dependencies = (
				DB01957F2BE5573400BA1548 /* PBXTargetDependency */,
			);
			name = guldin;
			productName = guldin;
			productReference = DB6B37322BE51CB700CB14A0 /* guldin.app */;
			productType = "com.apple.product-type.application";
		};
		DB6B37412BE51CB800CB14A0 /* guldinTests */ = {
			isa = PBXNativeTarget;
			buildConfigurationList = DB6B37592BE51CB800CB14A0 /* Build configuration list for PBXNativeTarget "guldinTests" */;
			buildPhases = (
				DB6B373E2BE51CB800CB14A0 /* Sources */,
				DB6B373F2BE51CB800CB14A0 /* Frameworks */,
				DB6B37402BE51CB800CB14A0 /* Resources */,
			);
			buildRules = (
			);
			dependencies = (
				DB6B37442BE51CB800CB14A0 /* PBXTargetDependency */,
			);
			name = guldinTests;
			productName = guldinTests;
			productReference = DB6B37422BE51CB800CB14A0 /* guldinTests.xctest */;
			productType = "com.apple.product-type.bundle.unit-test";
		};
		DB6B374B2BE51CB800CB14A0 /* guldinUITests */ = {
			isa = PBXNativeTarget;
			buildConfigurationList = DB6B375C2BE51CB800CB14A0 /* Build configuration list for PBXNativeTarget "guldinUITests" */;
			buildPhases = (
				DB6B37482BE51CB800CB14A0 /* Sources */,
				DB6B37492BE51CB800CB14A0 /* Frameworks */,
				DB6B374A2BE51CB800CB14A0 /* Resources */,
			);
			buildRules = (
			);
			dependencies = (
				DB6B374E2BE51CB800CB14A0 /* PBXTargetDependency */,
			);
			name = guldinUITests;
			productName = guldinUITests;
			productReference = DB6B374C2BE51CB800CB14A0 /* guldinUITests.xctest */;
			productType = "com.apple.product-type.bundle.ui-testing";
		};
/* End PBXNativeTarget section */

/* Begin PBXProject section */
		DB6B372A2BE51CB700CB14A0 /* Project object */ = {
			isa = PBXProject;
			attributes = {
				BuildIndependentTargetsInParallel = 1;
				LastSwiftUpdateCheck = 1530;
				LastUpgradeCheck = 1530;
				TargetAttributes = {
					DB0195782BE5573400BA1548 = {
						CreatedOnToolsVersion = 15.3;
					};
					DB6B37312BE51CB700CB14A0 = {
						CreatedOnToolsVersion = 15.3;
					};
					DB6B37412BE51CB800CB14A0 = {
						CreatedOnToolsVersion = 15.3;
						TestTargetID = DB6B37312BE51CB700CB14A0;
					};
					DB6B374B2BE51CB800CB14A0 = {
						CreatedOnToolsVersion = 15.3;
						TestTargetID = DB6B37312BE51CB700CB14A0;
					};
				};
			};
			buildConfigurationList = DB6B372D2BE51CB700CB14A0 /* Build configuration list for PBXProject "guldin" */;
			compatibilityVersion = "Xcode 14.0";
			developmentRegion = ko;
			hasScannedForEncodings = 0;
			knownRegions = (
				en,
				Base,
				ko,
			);
			mainGroup = DB6B37292BE51CB700CB14A0;
			productRefGroup = DB6B37332BE51CB700CB14A0 /* Products */;
			projectDirPath = "";
			projectRoot = "";
			targets = (
				DB6B37312BE51CB700CB14A0 /* guldin */,
				DB6B37412BE51CB800CB14A0 /* guldinTests */,
				DB6B374B2BE51CB800CB14A0 /* guldinUITests */,
				DB0195782BE5573400BA1548 /* testKeyboard */,
			);
		};
/* End PBXProject section */

/* Begin PBXResourcesBuildPhase section */
		DB0195772BE5573400BA1548 /* Resources */ = {
			isa = PBXResourcesBuildPhase;
			buildActionMask = 2147483647;
			files = (
				DB2BD0912BF7D245003F7A5B /* spell_check.py in Resources */,
			);
			runOnlyForDeploymentPostprocessing = 0;
		};
		DB6B37302BE51CB700CB14A0 /* Resources */ = {
			isa = PBXResourcesBuildPhase;
			buildActionMask = 2147483647;
			files = (
				DB6B373D2BE51CB800CB14A0 /* Preview Assets.xcassets in Resources */,
				DB6B373A2BE51CB800CB14A0 /* Assets.xcassets in Resources */,
			);
			runOnlyForDeploymentPostprocessing = 0;
		};
		DB6B37402BE51CB800CB14A0 /* Resources */ = {
			isa = PBXResourcesBuildPhase;
			buildActionMask = 2147483647;
			files = (
			);
			runOnlyForDeploymentPostprocessing = 0;
		};
		DB6B374A2BE51CB800CB14A0 /* Resources */ = {
			isa = PBXResourcesBuildPhase;
			buildActionMask = 2147483647;
			files = (
			);
			runOnlyForDeploymentPostprocessing = 0;
		};
/* End PBXResourcesBuildPhase section */

/* Begin PBXSourcesBuildPhase section */
		DB0195752BE5573400BA1548 /* Sources */ = {
			isa = PBXSourcesBuildPhase;
			buildActionMask = 2147483647;
			files = (
				DB01957C2BE5573400BA1548 /* KeyboardViewController.swift in Sources */,
			);
			runOnlyForDeploymentPostprocessing = 0;
		};
		DB6B372E2BE51CB700CB14A0 /* Sources */ = {
			isa = PBXSourcesBuildPhase;
			buildActionMask = 2147483647;
			files = (
				DB6B37382BE51CB700CB14A0 /* ContentView.swift in Sources */,
				DB6B37362BE51CB700CB14A0 /* guldinApp.swift in Sources */,
			);
			runOnlyForDeploymentPostprocessing = 0;
		};
		DB6B373E2BE51CB800CB14A0 /* Sources */ = {
			isa = PBXSourcesBuildPhase;
			buildActionMask = 2147483647;
			files = (
				DB6B37472BE51CB800CB14A0 /* guldinTests.swift in Sources */,
			);
			runOnlyForDeploymentPostprocessing = 0;
		};
		DB6B37482BE51CB800CB14A0 /* Sources */ = {
			isa = PBXSourcesBuildPhase;
			buildActionMask = 2147483647;
			files = (
				DB6B37512BE51CB800CB14A0 /* guldinUITests.swift in Sources */,
				DB6B37532BE51CB800CB14A0 /* guldinUITestsLaunchTests.swift in Sources */,
			);
			runOnlyForDeploymentPostprocessing = 0;
		};
/* End PBXSourcesBuildPhase section */

/* Begin PBXTargetDependency section */
		DB01957F2BE5573400BA1548 /* PBXTargetDependency */ = {
			isa = PBXTargetDependency;
			target = DB0195782BE5573400BA1548 /* testKeyboard */;
			targetProxy = DB01957E2BE5573400BA1548 /* PBXContainerItemProxy */;
		};
		DB6B37442BE51CB800CB14A0 /* PBXTargetDependency */ = {
			isa = PBXTargetDependency;
			target = DB6B37312BE51CB700CB14A0 /* guldin */;
			targetProxy = DB6B37432BE51CB800CB14A0 /* PBXContainerItemProxy */;
		};
		DB6B374E2BE51CB800CB14A0 /* PBXTargetDependency */ = {
			isa = PBXTargetDependency;
			target = DB6B37312BE51CB700CB14A0 /* guldin */;
			targetProxy = DB6B374D2BE51CB800CB14A0 /* PBXContainerItemProxy */;
		};
/* End PBXTargetDependency section */

/* Begin XCBuildConfiguration section */
		DB0195822BE5573400BA1548 /* Debug */ = {
			isa = XCBuildConfiguration;
			buildSettings = {
				CODE_SIGN_ALLOW_ENTITLEMENTS_MODIFICATION = YES;
				CODE_SIGN_ENTITLEMENTS = testKeyboard/testKeyboardDebug.entitlements;
				CODE_SIGN_STYLE = Automatic;
				CURRENT_PROJECT_VERSION = 1;
				DEVELOPMENT_TEAM = 79Q5RV23F9;
				GENERATE_INFOPLIST_FILE = YES;
				INFOPLIST_FILE = testKeyboard/Info.plist;
				INFOPLIST_KEY_CFBundleDisplayName = testKeyboard;
				INFOPLIST_KEY_NSHumanReadableCopyright = "";
				LD_RUNPATH_SEARCH_PATHS = (
					"$(inherited)",
					"@executable_path/Frameworks",
					"@executable_path/../../Frameworks",
				);
				MARKETING_VERSION = 1.0;
				PRODUCT_BUNDLE_IDENTIFIER = practice101.guldin.testKeyboard;
				PRODUCT_NAME = "$(TARGET_NAME)";
				SKIP_INSTALL = YES;
				SWIFT_EMIT_LOC_STRINGS = YES;
				SWIFT_VERSION = 5.0;
				TARGETED_DEVICE_FAMILY = "1,2";
			};
			name = Debug;
		};
		DB0195832BE5573400BA1548 /* Release */ = {
			isa = XCBuildConfiguration;
			buildSettings = {
				CODE_SIGN_ALLOW_ENTITLEMENTS_MODIFICATION = YES;
				CODE_SIGN_STYLE = Automatic;
				CURRENT_PROJECT_VERSION = 1;
				DEVELOPMENT_TEAM = 79Q5RV23F9;
				GENERATE_INFOPLIST_FILE = YES;
				INFOPLIST_FILE = testKeyboard/Info.plist;
				INFOPLIST_KEY_CFBundleDisplayName = testKeyboard;
				INFOPLIST_KEY_NSHumanReadableCopyright = "";
				LD_RUNPATH_SEARCH_PATHS = (
					"$(inherited)",
					"@executable_path/Frameworks",
					"@executable_path/../../Frameworks",
				);
				MARKETING_VERSION = 1.0;
				PRODUCT_BUNDLE_IDENTIFIER = practice101.guldin.testKeyboard;
				PRODUCT_NAME = "$(TARGET_NAME)";
				SKIP_INSTALL = YES;
				SWIFT_EMIT_LOC_STRINGS = YES;
				SWIFT_VERSION = 5.0;
				TARGETED_DEVICE_FAMILY = "1,2";
			};
			name = Release;
		};
		DB6B37542BE51CB800CB14A0 /* Debug */ = {
			isa = XCBuildConfiguration;
			buildSettings = {
				ALWAYS_SEARCH_USER_PATHS = NO;
				ASSETCATALOG_COMPILER_GENERATE_SWIFT_ASSET_SYMBOL_EXTENSIONS = YES;
				CLANG_ANALYZER_NONNULL = YES;
				CLANG_ANALYZER_NUMBER_OBJECT_CONVERSION = YES_AGGRESSIVE;
				CLANG_CXX_LANGUAGE_STANDARD = "gnu++20";
				CLANG_ENABLE_MODULES = YES;
				CLANG_ENABLE_OBJC_ARC = YES;
				CLANG_ENABLE_OBJC_WEAK = YES;
				CLANG_WARN_BLOCK_CAPTURE_AUTORELEASING = YES;
				CLANG_WARN_BOOL_CONVERSION = YES;
				CLANG_WARN_COMMA = YES;
				CLANG_WARN_CONSTANT_CONVERSION = YES;
				CLANG_WARN_DEPRECATED_OBJC_IMPLEMENTATIONS = YES;
				CLANG_WARN_DIRECT_OBJC_ISA_USAGE = YES_ERROR;
				CLANG_WARN_DOCUMENTATION_COMMENTS = YES;
				CLANG_WARN_EMPTY_BODY = YES;
				CLANG_WARN_ENUM_CONVERSION = YES;
				CLANG_WARN_INFINITE_RECURSION = YES;
				CLANG_WARN_INT_CONVERSION = YES;
				CLANG_WARN_NON_LITERAL_NULL_CONVERSION = YES;
				CLANG_WARN_OBJC_IMPLICIT_RETAIN_SELF = YES;
				CLANG_WARN_OBJC_LITERAL_CONVERSION = YES;
				CLANG_WARN_OBJC_ROOT_CLASS = YES_ERROR;
				CLANG_WARN_QUOTED_INCLUDE_IN_FRAMEWORK_HEADER = YES;
				CLANG_WARN_RANGE_LOOP_ANALYSIS = YES;
				CLANG_WARN_STRICT_PROTOTYPES = YES;
				CLANG_WARN_SUSPICIOUS_MOVE = YES;
				CLANG_WARN_UNGUARDED_AVAILABILITY = YES_AGGRESSIVE;
				CLANG_WARN_UNREACHABLE_CODE = YES;
				CLANG_WARN__DUPLICATE_METHOD_MATCH = YES;
				COPY_PHASE_STRIP = NO;
				DEBUG_INFORMATION_FORMAT = dwarf;
				ENABLE_STRICT_OBJC_MSGSEND = YES;
				ENABLE_TESTABILITY = YES;
				ENABLE_USER_SCRIPT_SANDBOXING = YES;
				GCC_C_LANGUAGE_STANDARD = gnu17;
				GCC_DYNAMIC_NO_PIC = NO;
				GCC_NO_COMMON_BLOCKS = YES;
				GCC_OPTIMIZATION_LEVEL = 0;
				GCC_PREPROCESSOR_DEFINITIONS = (
					"DEBUG=1",
					"$(inherited)",
				);
				GCC_WARN_64_TO_32_BIT_CONVERSION = YES;
				GCC_WARN_ABOUT_RETURN_TYPE = YES_ERROR;
				GCC_WARN_UNDECLARED_SELECTOR = YES;
				GCC_WARN_UNINITIALIZED_AUTOS = YES_AGGRESSIVE;
				GCC_WARN_UNUSED_FUNCTION = YES;
				GCC_WARN_UNUSED_VARIABLE = YES;
				IPHONEOS_DEPLOYMENT_TARGET = 17.4;
				LOCALIZATION_PREFERS_STRING_CATALOGS = YES;
				MTL_ENABLE_DEBUG_INFO = INCLUDE_SOURCE;
				MTL_FAST_MATH = YES;
				ONLY_ACTIVE_ARCH = YES;
				SDKROOT = iphoneos;
				SWIFT_ACTIVE_COMPILATION_CONDITIONS = "DEBUG $(inherited)";
				SWIFT_OPTIMIZATION_LEVEL = "-Onone";
			};
			name = Debug;
		};
		DB6B37552BE51CB800CB14A0 /* Release */ = {
			isa = XCBuildConfiguration;
			buildSettings = {
				ALWAYS_SEARCH_USER_PATHS = NO;
				ASSETCATALOG_COMPILER_GENERATE_SWIFT_ASSET_SYMBOL_EXTENSIONS = YES;
				CLANG_ANALYZER_NONNULL = YES;
				CLANG_ANALYZER_NUMBER_OBJECT_CONVERSION = YES_AGGRESSIVE;
				CLANG_CXX_LANGUAGE_STANDARD = "gnu++20";
				CLANG_ENABLE_MODULES = YES;
				CLANG_ENABLE_OBJC_ARC = YES;
				CLANG_ENABLE_OBJC_WEAK = YES;
				CLANG_WARN_BLOCK_CAPTURE_AUTORELEASING = YES;
				CLANG_WARN_BOOL_CONVERSION = YES;
				CLANG_WARN_COMMA = YES;
				CLANG_WARN_CONSTANT_CONVERSION = YES;
				CLANG_WARN_DEPRECATED_OBJC_IMPLEMENTATIONS = YES;
				CLANG_WARN_DIRECT_OBJC_ISA_USAGE = YES_ERROR;
				CLANG_WARN_DOCUMENTATION_COMMENTS = YES;
				CLANG_WARN_EMPTY_BODY = YES;
				CLANG_WARN_ENUM_CONVERSION = YES;
				CLANG_WARN_INFINITE_RECURSION = YES;
				CLANG_WARN_INT_CONVERSION = YES;
				CLANG_WARN_NON_LITERAL_NULL_CONVERSION = YES;
				CLANG_WARN_OBJC_IMPLICIT_RETAIN_SELF = YES;
				CLANG_WARN_OBJC_LITERAL_CONVERSION = YES;
				CLANG_WARN_OBJC_ROOT_CLASS = YES_ERROR;
				CLANG_WARN_QUOTED_INCLUDE_IN_FRAMEWORK_HEADER = YES;
				CLANG_WARN_RANGE_LOOP_ANALYSIS = YES;
				CLANG_WARN_STRICT_PROTOTYPES = YES;
				CLANG_WARN_SUSPICIOUS_MOVE = YES;
				CLANG_WARN_UNGUARDED_AVAILABILITY = YES_AGGRESSIVE;
				CLANG_WARN_UNREACHABLE_CODE = YES;
				CLANG_WARN__DUPLICATE_METHOD_MATCH = YES;
				COPY_PHASE_STRIP = NO;
				DEBUG_INFORMATION_FORMAT = "dwarf-with-dsym";
				ENABLE_NS_ASSERTIONS = NO;
				ENABLE_STRICT_OBJC_MSGSEND = YES;
				ENABLE_USER_SCRIPT_SANDBOXING = YES;
				GCC_C_LANGUAGE_STANDARD = gnu17;
				GCC_NO_COMMON_BLOCKS = YES;
				GCC_WARN_64_TO_32_BIT_CONVERSION = YES;
				GCC_WARN_ABOUT_RETURN_TYPE = YES_ERROR;
				GCC_WARN_UNDECLARED_SELECTOR = YES;
				GCC_WARN_UNINITIALIZED_AUTOS = YES_AGGRESSIVE;
				GCC_WARN_UNUSED_FUNCTION = YES;
				GCC_WARN_UNUSED_VARIABLE = YES;
				IPHONEOS_DEPLOYMENT_TARGET = 17.4;
				LOCALIZATION_PREFERS_STRING_CATALOGS = YES;
				MTL_ENABLE_DEBUG_INFO = NO;
				MTL_FAST_MATH = YES;
				SDKROOT = iphoneos;
				SWIFT_COMPILATION_MODE = wholemodule;
				VALIDATE_PRODUCT = YES;
			};
			name = Release;
		};
		DB6B37572BE51CB800CB14A0 /* Debug */ = {
			isa = XCBuildConfiguration;
			buildSettings = {
				ALWAYS_EMBED_SWIFT_STANDARD_LIBRARIES = YES;
				ASSETCATALOG_COMPILER_APPICON_NAME = AppIcon;
				ASSETCATALOG_COMPILER_GLOBAL_ACCENT_COLOR_NAME = AccentColor;
				CODE_SIGN_STYLE = Automatic;
				CURRENT_PROJECT_VERSION = 1;
				DEVELOPMENT_ASSET_PATHS = "\"guldin/Preview Content\"";
				DEVELOPMENT_TEAM = 79Q5RV23F9;
				ENABLE_PREVIEWS = YES;
				GENERATE_INFOPLIST_FILE = YES;
				INFOPLIST_KEY_UIApplicationSceneManifest_Generation = YES;
				INFOPLIST_KEY_UIApplicationSupportsIndirectInputEvents = YES;
				INFOPLIST_KEY_UILaunchScreen_Generation = YES;
				INFOPLIST_KEY_UISupportedInterfaceOrientations_iPad = "UIInterfaceOrientationPortrait UIInterfaceOrientationPortraitUpsideDown UIInterfaceOrientationLandscapeLeft UIInterfaceOrientationLandscapeRight";
				INFOPLIST_KEY_UISupportedInterfaceOrientations_iPhone = "UIInterfaceOrientationPortrait UIInterfaceOrientationLandscapeLeft UIInterfaceOrientationLandscapeRight";
				IPHONEOS_DEPLOYMENT_TARGET = 17.0;
				LD_RUNPATH_SEARCH_PATHS = (
					"$(inherited)",
					"@executable_path/Frameworks",
				);
				MARKETING_VERSION = 1.0;
				PRODUCT_BUNDLE_IDENTIFIER = practice101.guldin;
				PRODUCT_NAME = "$(TARGET_NAME)";
				SWIFT_EMIT_LOC_STRINGS = YES;
				SWIFT_VERSION = 5.0;
				TARGETED_DEVICE_FAMILY = "1,2";
			};
			name = Debug;
		};
		DB6B37582BE51CB800CB14A0 /* Release */ = {
			isa = XCBuildConfiguration;
			buildSettings = {
				ALWAYS_EMBED_SWIFT_STANDARD_LIBRARIES = YES;
				ASSETCATALOG_COMPILER_APPICON_NAME = AppIcon;
				ASSETCATALOG_COMPILER_GLOBAL_ACCENT_COLOR_NAME = AccentColor;
				CODE_SIGN_STYLE = Automatic;
				CURRENT_PROJECT_VERSION = 1;
				DEVELOPMENT_ASSET_PATHS = "\"guldin/Preview Content\"";
				DEVELOPMENT_TEAM = 79Q5RV23F9;
				ENABLE_PREVIEWS = YES;
				GENERATE_INFOPLIST_FILE = YES;
				INFOPLIST_KEY_UIApplicationSceneManifest_Generation = YES;
				INFOPLIST_KEY_UIApplicationSupportsIndirectInputEvents = YES;
				INFOPLIST_KEY_UILaunchScreen_Generation = YES;
				INFOPLIST_KEY_UISupportedInterfaceOrientations_iPad = "UIInterfaceOrientationPortrait UIInterfaceOrientationPortraitUpsideDown UIInterfaceOrientationLandscapeLeft UIInterfaceOrientationLandscapeRight";
				INFOPLIST_KEY_UISupportedInterfaceOrientations_iPhone = "UIInterfaceOrientationPortrait UIInterfaceOrientationLandscapeLeft UIInterfaceOrientationLandscapeRight";
				IPHONEOS_DEPLOYMENT_TARGET = 17.0;
				LD_RUNPATH_SEARCH_PATHS = (
					"$(inherited)",
					"@executable_path/Frameworks",
				);
				MARKETING_VERSION = 1.0;
				PRODUCT_BUNDLE_IDENTIFIER = practice101.guldin;
				PRODUCT_NAME = "$(TARGET_NAME)";
				SWIFT_EMIT_LOC_STRINGS = YES;
				SWIFT_VERSION = 5.0;
				TARGETED_DEVICE_FAMILY = "1,2";
			};
			name = Release;
		};
		DB6B375A2BE51CB800CB14A0 /* Debug */ = {
			isa = XCBuildConfiguration;
			buildSettings = {
				ALWAYS_EMBED_SWIFT_STANDARD_LIBRARIES = YES;
				BUNDLE_LOADER = "$(TEST_HOST)";
				CODE_SIGN_STYLE = Automatic;
				CURRENT_PROJECT_VERSION = 1;
				GENERATE_INFOPLIST_FILE = YES;
				IPHONEOS_DEPLOYMENT_TARGET = 17.4;
				MARKETING_VERSION = 1.0;
				PRODUCT_BUNDLE_IDENTIFIER = practice101.guldinTests;
				PRODUCT_NAME = "$(TARGET_NAME)";
				SWIFT_EMIT_LOC_STRINGS = NO;
				SWIFT_VERSION = 5.0;
				TARGETED_DEVICE_FAMILY = "1,2";
				TEST_HOST = "$(BUILT_PRODUCTS_DIR)/guldin.app/$(BUNDLE_EXECUTABLE_FOLDER_PATH)/guldin";
			};
			name = Debug;
		};
		DB6B375B2BE51CB800CB14A0 /* Release */ = {
			isa = XCBuildConfiguration;
			buildSettings = {
				ALWAYS_EMBED_SWIFT_STANDARD_LIBRARIES = YES;
				BUNDLE_LOADER = "$(TEST_HOST)";
				CODE_SIGN_STYLE = Automatic;
				CURRENT_PROJECT_VERSION = 1;
				GENERATE_INFOPLIST_FILE = YES;
				IPHONEOS_DEPLOYMENT_TARGET = 17.4;
				MARKETING_VERSION = 1.0;
				PRODUCT_BUNDLE_IDENTIFIER = practice101.guldinTests;
				PRODUCT_NAME = "$(TARGET_NAME)";
				SWIFT_EMIT_LOC_STRINGS = NO;
				SWIFT_VERSION = 5.0;
				TARGETED_DEVICE_FAMILY = "1,2";
				TEST_HOST = "$(BUILT_PRODUCTS_DIR)/guldin.app/$(BUNDLE_EXECUTABLE_FOLDER_PATH)/guldin";
			};
			name = Release;
		};
		DB6B375D2BE51CB800CB14A0 /* Debug */ = {
			isa = XCBuildConfiguration;
			buildSettings = {
				ALWAYS_EMBED_SWIFT_STANDARD_LIBRARIES = YES;
				CODE_SIGN_STYLE = Automatic;
				CURRENT_PROJECT_VERSION = 1;
				GENERATE_INFOPLIST_FILE = YES;
				MARKETING_VERSION = 1.0;
				PRODUCT_BUNDLE_IDENTIFIER = practice101.guldinUITests;
				PRODUCT_NAME = "$(TARGET_NAME)";
				SWIFT_EMIT_LOC_STRINGS = NO;
				SWIFT_VERSION = 5.0;
				TARGETED_DEVICE_FAMILY = "1,2";
				TEST_TARGET_NAME = guldin;
			};
			name = Debug;
		};
		DB6B375E2BE51CB800CB14A0 /* Release */ = {
			isa = XCBuildConfiguration;
			buildSettings = {
				ALWAYS_EMBED_SWIFT_STANDARD_LIBRARIES = YES;
				CODE_SIGN_STYLE = Automatic;
				CURRENT_PROJECT_VERSION = 1;
				GENERATE_INFOPLIST_FILE = YES;
				MARKETING_VERSION = 1.0;
				PRODUCT_BUNDLE_IDENTIFIER = practice101.guldinUITests;
				PRODUCT_NAME = "$(TARGET_NAME)";
				SWIFT_EMIT_LOC_STRINGS = NO;
				SWIFT_VERSION = 5.0;
				TARGETED_DEVICE_FAMILY = "1,2";
				TEST_TARGET_NAME = guldin;
			};
			name = Release;
		};
/* End XCBuildConfiguration section */

/* Begin XCConfigurationList section */
		DB0195812BE5573400BA1548 /* Build configuration list for PBXNativeTarget "testKeyboard" */ = {
			isa = XCConfigurationList;
			buildConfigurations = (
				DB0195822BE5573400BA1548 /* Debug */,
				DB0195832BE5573400BA1548 /* Release */,
			);
			defaultConfigurationIsVisible = 0;
			defaultConfigurationName = Release;
		};
		DB6B372D2BE51CB700CB14A0 /* Build configuration list for PBXProject "guldin" */ = {
			isa = XCConfigurationList;
			buildConfigurations = (
				DB6B37542BE51CB800CB14A0 /* Debug */,
				DB6B37552BE51CB800CB14A0 /* Release */,
			);
			defaultConfigurationIsVisible = 0;
			defaultConfigurationName = Release;
		};
		DB6B37562BE51CB800CB14A0 /* Build configuration list for PBXNativeTarget "guldin" */ = {
			isa = XCConfigurationList;
			buildConfigurations = (
				DB6B37572BE51CB800CB14A0 /* Debug */,
				DB6B37582BE51CB800CB14A0 /* Release */,
			);
			defaultConfigurationIsVisible = 0;
			defaultConfigurationName = Release;
		};
		DB6B37592BE51CB800CB14A0 /* Build configuration list for PBXNativeTarget "guldinTests" */ = {
			isa = XCConfigurationList;
			buildConfigurations = (
				DB6B375A2BE51CB800CB14A0 /* Debug */,
				DB6B375B2BE51CB800CB14A0 /* Release */,
			);
			defaultConfigurationIsVisible = 0;
			defaultConfigurationName = Release;
		};
		DB6B375C2BE51CB800CB14A0 /* Build configuration list for PBXNativeTarget "guldinUITests" */ = {
			isa = XCConfigurationList;
			buildConfigurations = (
				DB6B375D2BE51CB800CB14A0 /* Debug */,
				DB6B375E2BE51CB800CB14A0 /* Release */,
			);
			defaultConfigurationIsVisible = 0;
			defaultConfigurationName = Release;
		};
/* End XCConfigurationList section */
	};
	rootObject = DB6B372A2BE51CB700CB14A0 /* Project object */;
}
